Microsoft Visual Studio Solution File, Format Version 12.00
# Visual Studio Version 17
VisualStudioVersion = 17.1.32319.34
MinimumVisualStudioVersion = 10.0.40219.1
Project("{9A19103F-16F7-4668-BE54-9A1E7A4F7556}") = "DeriSock", "src\DeriSock\DeriSock.csproj", "{EB30D7E9-EF6A-4AEB-8DDA-FE1D031EF94F}"
EndProject
Project("{2150E333-8FDC-42A3-9474-1A3956D46DE8}") = "00_Solution Items", "00_Solution Items", "{6D53195E-CF97-41AA-AFCE-B603773E8484}"
	ProjectSection(SolutionItems) = preProject
		.editorconfig = .editorconfig
		README.md = README.md
	EndProjectSection
EndProject
Project("{9A19103F-16F7-4668-BE54-9A1E7A4F7556}") = "DeriSock.DevTools", "src\DeriSock.DevTools\DeriSock.DevTools.csproj", "{52039A26-3E09-4D04-8CCE-296ECF4645C2}"
EndProject
Project("{2150E333-8FDC-42A3-9474-1A3956D46DE8}") = ".github", ".github", "{81CCDC57-ACEE-4FE0-A31D-E73697397E06}"
	ProjectSection(SolutionItems) = preProject
		.github\dependabot.yml = .github\dependabot.yml
	EndProjectSection
EndProject
Project("{2150E333-8FDC-42A3-9474-1A3956D46DE8}") = "workflows", "workflows", "{4E520EB0-AA19-465D-9868-4E2D41D47C1E}"
	ProjectSection(SolutionItems) = preProject
		.github\workflows\DeriSock_BuildTest.yml = .github\workflows\DeriSock_BuildTest.yml
		.github\workflows\DeriSock_Publish_On_Tag.yml = .github\workflows\DeriSock_Publish_On_Tag.yml
	EndProjectSection
EndProject
Project("{2150E333-8FDC-42A3-9474-1A3956D46DE8}") = "10_Tests", "10_Tests", "{45D371F7-3267-4929-A020-B729E7A44E75}"
EndProject
Project("{9A19103F-16F7-4668-BE54-9A1E7A4F7556}") = "DeriSock.Tests.Integration", "test\DeriSock.Tests.Integration\DeriSock.Tests.Integration.csproj", "{7438F452-DD0F-4030-97FE-61BE65AB9282}"
EndProject
Project("{2150E333-8FDC-42A3-9474-1A3956D46DE8}") = "20_Projects", "20_Projects", "{48164DAE-1C32-4346-AF5A-5E0DB9929D83}"
EndProject
Project("{FAE04EC0-301F-11D3-BF4B-00C04F79EFBC}") = "DeriSock.Tests.Unit", "test\DeriSock.Tests.Unit\DeriSock.Tests.Unit.csproj", "{87047B3C-2334-48BD-9579-61F6FD2F3DAE}"
EndProject
Global
	GlobalSection(SolutionConfigurationPlatforms) = preSolution
		Debug|Any CPU = Debug|Any CPU
		Release|Any CPU = Release|Any CPU
	EndGlobalSection
	GlobalSection(ProjectConfigurationPlatforms) = postSolution
		{EB30D7E9-EF6A-4AEB-8DDA-FE1D031EF94F}.Debug|Any CPU.ActiveCfg = Debug|Any CPU
		{EB30D7E9-EF6A-4AEB-8DDA-FE1D031EF94F}.Debug|Any CPU.Build.0 = Debug|Any CPU
		{EB30D7E9-EF6A-4AEB-8DDA-FE1D031EF94F}.Release|Any CPU.ActiveCfg = Release|Any CPU
		{EB30D7E9-EF6A-4AEB-8DDA-FE1D031EF94F}.Release|Any CPU.Build.0 = Release|Any CPU
		{52039A26-3E09-4D04-8CCE-296ECF4645C2}.Debug|Any CPU.ActiveCfg = Debug|Any CPU
		{52039A26-3E09-4D04-8CCE-296ECF4645C2}.Debug|Any CPU.Build.0 = Debug|Any CPU
		{52039A26-3E09-4D04-8CCE-296ECF4645C2}.Release|Any CPU.ActiveCfg = Release|Any CPU
		{52039A26-3E09-4D04-8CCE-296ECF4645C2}.Release|Any CPU.Build.0 = Release|Any CPU
		{7438F452-DD0F-4030-97FE-61BE65AB9282}.Debug|Any CPU.ActiveCfg = Debug|Any CPU
		{7438F452-DD0F-4030-97FE-61BE65AB9282}.Debug|Any CPU.Build.0 = Debug|Any CPU
		{7438F452-DD0F-4030-97FE-61BE65AB9282}.Release|Any CPU.ActiveCfg = Release|Any CPU
		{7438F452-DD0F-4030-97FE-61BE65AB9282}.Release|Any CPU.Build.0 = Release|Any CPU
		{87047B3C-2334-48BD-9579-61F6FD2F3DAE}.Debug|Any CPU.ActiveCfg = Debug|Any CPU
		{87047B3C-2334-48BD-9579-61F6FD2F3DAE}.Debug|Any CPU.Build.0 = Debug|Any CPU
		{87047B3C-2334-48BD-9579-61F6FD2F3DAE}.Release|Any CPU.ActiveCfg = Release|Any CPU
		{87047B3C-2334-48BD-9579-61F6FD2F3DAE}.Release|Any CPU.Build.0 = Release|Any CPU
	EndGlobalSection
	GlobalSection(SolutionProperties) = preSolution
		HideSolutionNode = FALSE
	EndGlobalSection
	GlobalSection(NestedProjects) = preSolution
		{EB30D7E9-EF6A-4AEB-8DDA-FE1D031EF94F} = {48164DAE-1C32-4346-AF5A-5E0DB9929D83}
		{52039A26-3E09-4D04-8CCE-296ECF4645C2} = {48164DAE-1C32-4346-AF5A-5E0DB9929D83}
		{81CCDC57-ACEE-4FE0-A31D-E73697397E06} = {6D53195E-CF97-41AA-AFCE-B603773E8484}
		{4E520EB0-AA19-465D-9868-4E2D41D47C1E} = {81CCDC57-ACEE-4FE0-A31D-E73697397E06}
		{7438F452-DD0F-4030-97FE-61BE65AB9282} = {45D371F7-3267-4929-A020-B729E7A44E75}
		{87047B3C-2334-48BD-9579-61F6FD2F3DAE} = {45D371F7-3267-4929-A020-B729E7A44E75}
	EndGlobalSection
	GlobalSection(ExtensibilityGlobals) = postSolution
		SolutionGuid = {CD743E2C-4534-4451-BAB6-B2F8CAD86EC9}
	EndGlobalSection
EndGlobal
